
Microsoft Visual Studio Solution File, Format Version 12.00
# Visual Studio Version 17
VisualStudioVersion = 17.7.34221.43
MinimumVisualStudioVersion = 10.0.40219.1
Project("{FAE04EC0-301F-11D3-BF4B-00C04F79EFBC}") = "eProdaja", "eProdaja\eProdaja.csproj", "{8E34F097-345E-459C-8309-EF02E412D347}"
EndProject
Project("{FAE04EC0-301F-11D3-BF4B-00C04F79EFBC}") = "eProdaja.Model", "eProdaja.Model\eProdaja.Model.csproj", "{F15F1B51-DD75-4BB1-B161-BE78432AF31D}"
EndProject
Project("{FAE04EC0-301F-11D3-BF4B-00C04F79EFBC}") = "eProdaja.Services", "eProdaja.Services\eProdaja.Services.csproj", "{6339CCCA-748B-4895-83FB-9BF8B8497A14}"
EndProject
Global
	GlobalSection(SolutionConfigurationPlatforms) = preSolution
		Debug|Any CPU = Debug|Any CPU
		Release|Any CPU = Release|Any CPU
	EndGlobalSection
	GlobalSection(ProjectConfigurationPlatforms) = postSolution
		{8E34F097-345E-459C-8309-EF02E412D347}.Debug|Any CPU.ActiveCfg = Debug|Any CPU
		{8E34F097-345E-459C-8309-EF02E412D347}.Debug|Any CPU.Build.0 = Debug|Any CPU
		{8E34F097-345E-459C-8309-EF02E412D347}.Release|Any CPU.ActiveCfg = Release|Any CPU
		{8E34F097-345E-459C-8309-EF02E412D347}.Release|Any CPU.Build.0 = Release|Any CPU
		{F15F1B51-DD75-4BB1-B161-BE78432AF31D}.Debug|Any CPU.ActiveCfg = Debug|Any CPU
		{F15F1B51-DD75-4BB1-B161-BE78432AF31D}.Debug|Any CPU.Build.0 = Debug|Any CPU
		{F15F1B51-DD75-4BB1-B161-BE78432AF31D}.Release|Any CPU.ActiveCfg = Release|Any CPU
		{F15F1B51-DD75-4BB1-B161-BE78432AF31D}.Release|Any CPU.Build.0 = Release|Any CPU
		{6339CCCA-748B-4895-83FB-9BF8B8497A14}.Debug|Any CPU.ActiveCfg = Debug|Any CPU
		{6339CCCA-748B-4895-83FB-9BF8B8497A14}.Debug|Any CPU.Build.0 = Debug|Any CPU
		{6339CCCA-748B-4895-83FB-9BF8B8497A14}.Release|Any CPU.ActiveCfg = Release|Any CPU
		{6339CCCA-748B-4895-83FB-9BF8B8497A14}.Release|Any CPU.Build.0 = Release|Any CPU
	EndGlobalSection
	GlobalSection(SolutionProperties) = preSolution
		HideSolutionNode = FALSE
	EndGlobalSection
	GlobalSection(ExtensibilityGlobals) = postSolution
		SolutionGuid = {5D3F1F78-5B67-47D3-A36E-5BD8C526D02A}
	EndGlobalSection
EndGlobal
